# THIS IS AN AUTOGENERATED FILE. DO NOT EDIT THIS FILE DIRECTLY.
# yarn lockfile v1


vuetify@^1.2.9:
  version "1.2.9"
  resolved "https://registry.yarnpkg.com/vuetify/-/vuetify-1.2.9.tgz#1c0d00f9a76620931ef4c662bfafe12f120b0d52"
  integrity sha512-PQJrBU56KThmuffhO147D1wX+7fHyFIfdh+kTHb+Od234PgqcyGH8hQ4KWDM76SbL5ozinF6FLZBPPw07TR9UQ==
